
Microsoft Visual Studio Solution File, Format Version 12.00
# Visual Studio Version 17
VisualStudioVersion = 17.13.35931.197 d17.13
MinimumVisualStudioVersion = 10.0.40219.1
Project("{FAE04EC0-301F-11D3-BF4B-00C04F79EFBC}") = "AppWebBeachSA", "AppWebBeachSA\AppWebBeachSA.csproj", "{346B5D1C-3F70-4151-B3C7-AA1DD1B67869}"
EndProject
Global
	GlobalSection(SolutionConfigurationPlatforms) = preSolution
		Debug|Any CPU = Debug|Any CPU
		Release|Any CPU = Release|Any CPU
	EndGlobalSection
	GlobalSection(ProjectConfigurationPlatforms) = postSolution
		{346B5D1C-3F70-4151-B3C7-AA1DD1B67869}.Debug|Any CPU.ActiveCfg = Debug|Any CPU
		{346B5D1C-3F70-4151-B3C7-AA1DD1B67869}.Debug|Any CPU.Build.0 = Debug|Any CPU
		{346B5D1C-3F70-4151-B3C7-AA1DD1B67869}.Release|Any CPU.ActiveCfg = Release|Any CPU
		{346B5D1C-3F70-4151-B3C7-AA1DD1B67869}.Release|Any CPU.Build.0 = Release|Any CPU
	EndGlobalSection
	GlobalSection(SolutionProperties) = preSolution
		HideSolutionNode = FALSE
	EndGlobalSection
	GlobalSection(ExtensibilityGlobals) = postSolution
		SolutionGuid = {B4D9EAF3-9FD1-4E54-A046-AC1F4CFFBA5F}
	EndGlobalSection
EndGlobal
